
Microsoft Visual Studio Solution File, Format Version 12.00
# Visual Studio Version 17
VisualStudioVersion = 17.2.32616.157
MinimumVisualStudioVersion = 10.0.40219.1
Project("{FAE04EC0-301F-11D3-BF4B-00C04F79EFBC}") = "NCC.School.Web", "NCC.School.Web.csproj", "{B781C718-5C1C-4107-9109-BB3588DB1561}"
EndProject
Project("{FAE04EC0-301F-11D3-BF4B-00C04F79EFBC}") = "NCC.School.Data", "..\NCC.School.Data\NCC.School.Data.csproj", "{ADE8C29E-94BA-4F02-A83D-7699986246BE}"
EndProject
Project("{FAE04EC0-301F-11D3-BF4B-00C04F79EFBC}") = "NCC.School.Models", "..\NCC.School.Models\NCC.School.Models.csproj", "{4680FAEF-7236-4847-90CE-D1F96DD979E6}"
EndProject
Project("{FAE04EC0-301F-11D3-BF4B-00C04F79EFBC}") = "NCC.School.Services", "..\NCC.School.Services\NCC.School.Services.csproj", "{DD775906-ABA5-454E-86B1-612D1665F1E3}"
EndProject
Project("{FAE04EC0-301F-11D3-BF4B-00C04F79EFBC}") = "NCC.School.Repository", "..\NCC.School.Repository\NCC.School.Repository.csproj", "{3417A312-1192-462F-AB65-87DFCC0ADED7}"
EndProject
Global
	GlobalSection(SolutionConfigurationPlatforms) = preSolution
		Debug|Any CPU = Debug|Any CPU
		Release|Any CPU = Release|Any CPU
	EndGlobalSection
	GlobalSection(ProjectConfigurationPlatforms) = postSolution
		{B781C718-5C1C-4107-9109-BB3588DB1561}.Debug|Any CPU.ActiveCfg = Debug|Any CPU
		{B781C718-5C1C-4107-9109-BB3588DB1561}.Debug|Any CPU.Build.0 = Debug|Any CPU
		{B781C718-5C1C-4107-9109-BB3588DB1561}.Release|Any CPU.ActiveCfg = Release|Any CPU
		{B781C718-5C1C-4107-9109-BB3588DB1561}.Release|Any CPU.Build.0 = Release|Any CPU
		{ADE8C29E-94BA-4F02-A83D-7699986246BE}.Debug|Any CPU.ActiveCfg = Debug|Any CPU
		{ADE8C29E-94BA-4F02-A83D-7699986246BE}.Debug|Any CPU.Build.0 = Debug|Any CPU
		{ADE8C29E-94BA-4F02-A83D-7699986246BE}.Release|Any CPU.ActiveCfg = Release|Any CPU
		{ADE8C29E-94BA-4F02-A83D-7699986246BE}.Release|Any CPU.Build.0 = Release|Any CPU
		{4680FAEF-7236-4847-90CE-D1F96DD979E6}.Debug|Any CPU.ActiveCfg = Debug|Any CPU
		{4680FAEF-7236-4847-90CE-D1F96DD979E6}.Debug|Any CPU.Build.0 = Debug|Any CPU
		{4680FAEF-7236-4847-90CE-D1F96DD979E6}.Release|Any CPU.ActiveCfg = Release|Any CPU
		{4680FAEF-7236-4847-90CE-D1F96DD979E6}.Release|Any CPU.Build.0 = Release|Any CPU
		{DD775906-ABA5-454E-86B1-612D1665F1E3}.Debug|Any CPU.ActiveCfg = Debug|Any CPU
		{DD775906-ABA5-454E-86B1-612D1665F1E3}.Debug|Any CPU.Build.0 = Debug|Any CPU
		{DD775906-ABA5-454E-86B1-612D1665F1E3}.Release|Any CPU.ActiveCfg = Release|Any CPU
		{DD775906-ABA5-454E-86B1-612D1665F1E3}.Release|Any CPU.Build.0 = Release|Any CPU
		{3417A312-1192-462F-AB65-87DFCC0ADED7}.Debug|Any CPU.ActiveCfg = Debug|Any CPU
		{3417A312-1192-462F-AB65-87DFCC0ADED7}.Debug|Any CPU.Build.0 = Debug|Any CPU
		{3417A312-1192-462F-AB65-87DFCC0ADED7}.Release|Any CPU.ActiveCfg = Release|Any CPU
		{3417A312-1192-462F-AB65-87DFCC0ADED7}.Release|Any CPU.Build.0 = Release|Any CPU
	EndGlobalSection
	GlobalSection(SolutionProperties) = preSolution
		HideSolutionNode = FALSE
	EndGlobalSection
	GlobalSection(ExtensibilityGlobals) = postSolution
		SolutionGuid = {6819EBA6-18C2-4A38-829C-13898E3ECC25}
	EndGlobalSection
EndGlobal
